
Microsoft Visual Studio Solution File, Format Version 12.00
# Visual Studio Version 17
VisualStudioVersion = 17.4.33205.214
MinimumVisualStudioVersion = 10.0.40219.1
Project("{FAE04EC0-301F-11D3-BF4B-00C04F79EFBC}") = "WebApplication1", "WebApplication1\WebApplication1.csproj", "{D71213FF-CE98-4FDA-9F38-F230625D55A3}"
EndProject
Global
	GlobalSection(SolutionConfigurationPlatforms) = preSolution
		Debug|Any CPU = Debug|Any CPU
		Release|Any CPU = Release|Any CPU
	EndGlobalSection
	GlobalSection(ProjectConfigurationPlatforms) = postSolution
		{D71213FF-CE98-4FDA-9F38-F230625D55A3}.Debug|Any CPU.ActiveCfg = Debug|Any CPU
		{D71213FF-CE98-4FDA-9F38-F230625D55A3}.Debug|Any CPU.Build.0 = Debug|Any CPU
		{D71213FF-CE98-4FDA-9F38-F230625D55A3}.Release|Any CPU.ActiveCfg = Release|Any CPU
		{D71213FF-CE98-4FDA-9F38-F230625D55A3}.Release|Any CPU.Build.0 = Release|Any CPU
	EndGlobalSection
	GlobalSection(SolutionProperties) = preSolution
		HideSolutionNode = FALSE
	EndGlobalSection
	GlobalSection(ExtensibilityGlobals) = postSolution
		SolutionGuid = {EF802017-848F-4EA5-B635-EDBFA35554A9}
	EndGlobalSection
EndGlobal
